
Microsoft Visual Studio Solution File, Format Version 12.00
# Visual Studio 2013
VisualStudioVersion = 12.0.31101.0
MinimumVisualStudioVersion = 10.0.40219.1
Project("{FAE04EC0-301F-11D3-BF4B-00C04F79EFBC}") = "ISVLM2017.Domain", "ISVLM2017.Domain\ISVLM2017.Domain.csproj", "{D204CE81-A144-4762-BDDB-B5AA52156A25}"
EndProject
Project("{FAE04EC0-301F-11D3-BF4B-00C04F79EFBC}") = "ISVLM2017.WebUI", "ISVLM2017.WebUI\ISVLM2017.WebUI.csproj", "{8C4031D7-7192-4899-A0C7-621D21D67192}"
	ProjectSection(ProjectDependencies) = postProject
		{D204CE81-A144-4762-BDDB-B5AA52156A25} = {D204CE81-A144-4762-BDDB-B5AA52156A25}
	EndProjectSection
EndProject
Project("{FAE04EC0-301F-11D3-BF4B-00C04F79EFBC}") = "ISVLM2017.UnitTests", "ISVLM2017.UnitTests\ISVLM2017.UnitTests.csproj", "{C7CCAE93-7640-45CA-8187-3C455268CDF4}"
	ProjectSection(ProjectDependencies) = postProject
		{D204CE81-A144-4762-BDDB-B5AA52156A25} = {D204CE81-A144-4762-BDDB-B5AA52156A25}
		{8C4031D7-7192-4899-A0C7-621D21D67192} = {8C4031D7-7192-4899-A0C7-621D21D67192}
	EndProjectSection
EndProject
Project("{2150E333-8FDC-42A3-9474-1A3956D46DE8}") = ".nuget", ".nuget", "{0C275C47-2DD6-47F2-AEB5-B98409EA54B1}"
	ProjectSection(SolutionItems) = preProject
		.nuget\packages.config = .nuget\packages.config
	EndProjectSection
EndProject
Project("{FAE04EC0-301F-11D3-BF4B-00C04F79EFBC}") = "ISVLM2017.FunctionalTests", "ISVLM2017.FunctionalTests\ISVLM2017.FunctionalTests.csproj", "{097E8F84-8E18-49D9-BBFE-15AC55DD34EB}"
EndProject
Global
	GlobalSection(SolutionConfigurationPlatforms) = preSolution
		Debug|Any CPU = Debug|Any CPU
		Release|Any CPU = Release|Any CPU
	EndGlobalSection
	GlobalSection(ProjectConfigurationPlatforms) = postSolution
		{D204CE81-A144-4762-BDDB-B5AA52156A25}.Debug|Any CPU.ActiveCfg = Debug|Any CPU
		{D204CE81-A144-4762-BDDB-B5AA52156A25}.Debug|Any CPU.Build.0 = Debug|Any CPU
		{D204CE81-A144-4762-BDDB-B5AA52156A25}.Release|Any CPU.ActiveCfg = Release|Any CPU
		{D204CE81-A144-4762-BDDB-B5AA52156A25}.Release|Any CPU.Build.0 = Release|Any CPU
		{8C4031D7-7192-4899-A0C7-621D21D67192}.Debug|Any CPU.ActiveCfg = Debug|Any CPU
		{8C4031D7-7192-4899-A0C7-621D21D67192}.Debug|Any CPU.Build.0 = Debug|Any CPU
		{8C4031D7-7192-4899-A0C7-621D21D67192}.Release|Any CPU.ActiveCfg = Release|Any CPU
		{8C4031D7-7192-4899-A0C7-621D21D67192}.Release|Any CPU.Build.0 = Release|Any CPU
		{C7CCAE93-7640-45CA-8187-3C455268CDF4}.Debug|Any CPU.ActiveCfg = Debug|Any CPU
		{C7CCAE93-7640-45CA-8187-3C455268CDF4}.Debug|Any CPU.Build.0 = Debug|Any CPU
		{C7CCAE93-7640-45CA-8187-3C455268CDF4}.Release|Any CPU.ActiveCfg = Release|Any CPU
		{C7CCAE93-7640-45CA-8187-3C455268CDF4}.Release|Any CPU.Build.0 = Release|Any CPU
		{097E8F84-8E18-49D9-BBFE-15AC55DD34EB}.Debug|Any CPU.ActiveCfg = Debug|Any CPU
		{097E8F84-8E18-49D9-BBFE-15AC55DD34EB}.Debug|Any CPU.Build.0 = Debug|Any CPU
		{097E8F84-8E18-49D9-BBFE-15AC55DD34EB}.Release|Any CPU.ActiveCfg = Release|Any CPU
		{097E8F84-8E18-49D9-BBFE-15AC55DD34EB}.Release|Any CPU.Build.0 = Release|Any CPU
	EndGlobalSection
	GlobalSection(SolutionProperties) = preSolution
		HideSolutionNode = FALSE
	EndGlobalSection
EndGlobal
